PODS:
  - XCDYouTubeKit (2.7.1)

DEPENDENCIES:
  - XCDYouTubeKit (~> 2.5)

SPEC REPOS:
  https://github.com/cocoapods/specs.git:
    - XCDYouTubeKit

SPEC CHECKSUMS:
  XCDYouTubeKit: c8567fd5cb388a3099fa26eee4b30df2a467847d

PODFILE CHECKSUM: 0d1c09fa348c4549487106e3842dd8ffd699b632

COCOAPODS: 1.5.3
